
Microsoft Visual Studio Solution File, Format Version 12.00
# Visual Studio 14
VisualStudioVersion = 14.0.23107.0
MinimumVisualStudioVersion = 10.0.40219.1
Project("{FAE04EC0-301F-11D3-BF4B-00C04F79EFBC}") = "AppleWatch", "AppleWatch\AppleWatch\AppleWatch.csproj", "{404BFAD4-DCD5-4564-B95E-F1C26CC76887}"
EndProject
Project("{FAE04EC0-301F-11D3-BF4B-00C04F79EFBC}") = "AppleWatch.iOS", "AppleWatch\AppleWatch.iOS\AppleWatch.iOS.csproj", "{6DA7FD96-7E96-4E8B-8028-0DB7B1E06B0F}"
EndProject
Project("{FAE04EC0-301F-11D3-BF4B-00C04F79EFBC}") = "AppleWatch.Droid", "AppleWatch\AppleWatch.Droid\AppleWatch.Droid.csproj", "{00DE8D77-4925-4125-A990-A936970E7920}"
EndProject
Global
	GlobalSection(SolutionConfigurationPlatforms) = preSolution
		Ad-Hoc|Any CPU = Ad-Hoc|Any CPU
		Ad-Hoc|iPhone = Ad-Hoc|iPhone
		Ad-Hoc|iPhoneSimulator = Ad-Hoc|iPhoneSimulator
		AppStore|Any CPU = AppStore|Any CPU
		AppStore|iPhone = AppStore|iPhone
		AppStore|iPhoneSimulator = AppStore|iPhoneSimulator
		Debug|Any CPU = Debug|Any CPU
		Debug|iPhone = Debug|iPhone
		Debug|iPhoneSimulator = Debug|iPhoneSimulator
		Release|Any CPU = Release|Any CPU
		Release|iPhone = Release|iPhone
		Release|iPhoneSimulator = Release|iPhoneSimulator
	EndGlobalSection
	GlobalSection(ProjectConfigurationPlatforms) = postSolution
		{404BFAD4-DCD5-4564-B95E-F1C26CC76887}.Ad-Hoc|Any CPU.ActiveCfg = Release|Any CPU
		{404BFAD4-DCD5-4564-B95E-F1C26CC76887}.Ad-Hoc|Any CPU.Build.0 = Release|Any CPU
		{404BFAD4-DCD5-4564-B95E-F1C26CC76887}.Ad-Hoc|iPhone.ActiveCfg = Release|Any CPU
		{404BFAD4-DCD5-4564-B95E-F1C26CC76887}.Ad-Hoc|iPhone.Build.0 = Release|Any CPU
		{404BFAD4-DCD5-4564-B95E-F1C26CC76887}.Ad-Hoc|iPhoneSimulator.ActiveCfg = Release|Any CPU
		{404BFAD4-DCD5-4564-B95E-F1C26CC76887}.Ad-Hoc|iPhoneSimulator.Build.0 = Release|Any CPU
		{404BFAD4-DCD5-4564-B95E-F1C26CC76887}.AppStore|Any CPU.ActiveCfg = Release|Any CPU
		{404BFAD4-DCD5-4564-B95E-F1C26CC76887}.AppStore|Any CPU.Build.0 = Release|Any CPU
		{404BFAD4-DCD5-4564-B95E-F1C26CC76887}.AppStore|iPhone.ActiveCfg = Release|Any CPU
		{404BFAD4-DCD5-4564-B95E-F1C26CC76887}.AppStore|iPhone.Build.0 = Release|Any CPU
		{404BFAD4-DCD5-4564-B95E-F1C26CC76887}.AppStore|iPhoneSimulator.ActiveCfg = Release|Any CPU
		{404BFAD4-DCD5-4564-B95E-F1C26CC76887}.AppStore|iPhoneSimulator.Build.0 = Release|Any CPU
		{404BFAD4-DCD5-4564-B95E-F1C26CC76887}.Debug|Any CPU.ActiveCfg = Debug|Any CPU
		{404BFAD4-DCD5-4564-B95E-F1C26CC76887}.Debug|Any CPU.Build.0 = Debug|Any CPU
		{404BFAD4-DCD5-4564-B95E-F1C26CC76887}.Debug|iPhone.ActiveCfg = Debug|Any CPU
		{404BFAD4-DCD5-4564-B95E-F1C26CC76887}.Debug|iPhone.Build.0 = Debug|Any CPU
		{404BFAD4-DCD5-4564-B95E-F1C26CC76887}.Debug|iPhoneSimulator.ActiveCfg = Debug|Any CPU
		{404BFAD4-DCD5-4564-B95E-F1C26CC76887}.Debug|iPhoneSimulator.Build.0 = Debug|Any CPU
		{404BFAD4-DCD5-4564-B95E-F1C26CC76887}.Release|Any CPU.ActiveCfg = Release|Any CPU
		{404BFAD4-DCD5-4564-B95E-F1C26CC76887}.Release|Any CPU.Build.0 = Release|Any CPU
		{404BFAD4-DCD5-4564-B95E-F1C26CC76887}.Release|iPhone.ActiveCfg = Release|Any CPU
		{404BFAD4-DCD5-4564-B95E-F1C26CC76887}.Release|iPhone.Build.0 = Release|Any CPU
		{404BFAD4-DCD5-4564-B95E-F1C26CC76887}.Release|iPhoneSimulator.ActiveCfg = Release|Any CPU
		{404BFAD4-DCD5-4564-B95E-F1C26CC76887}.Release|iPhoneSimulator.Build.0 = Release|Any CPU
		{6DA7FD96-7E96-4E8B-8028-0DB7B1E06B0F}.Ad-Hoc|Any CPU.ActiveCfg = Ad-Hoc|iPhone
		{6DA7FD96-7E96-4E8B-8028-0DB7B1E06B0F}.Ad-Hoc|iPhone.ActiveCfg = Ad-Hoc|iPhone
		{6DA7FD96-7E96-4E8B-8028-0DB7B1E06B0F}.Ad-Hoc|iPhone.Build.0 = Ad-Hoc|iPhone
		{6DA7FD96-7E96-4E8B-8028-0DB7B1E06B0F}.Ad-Hoc|iPhoneSimulator.ActiveCfg = Ad-Hoc|iPhoneSimulator
		{6DA7FD96-7E96-4E8B-8028-0DB7B1E06B0F}.Ad-Hoc|iPhoneSimulator.Build.0 = Ad-Hoc|iPhoneSimulator
		{6DA7FD96-7E96-4E8B-8028-0DB7B1E06B0F}.AppStore|Any CPU.ActiveCfg = AppStore|iPhone
		{6DA7FD96-7E96-4E8B-8028-0DB7B1E06B0F}.AppStore|iPhone.ActiveCfg = AppStore|iPhone
		{6DA7FD96-7E96-4E8B-8028-0DB7B1E06B0F}.AppStore|iPhone.Build.0 = AppStore|iPhone
		{6DA7FD96-7E96-4E8B-8028-0DB7B1E06B0F}.AppStore|iPhoneSimulator.ActiveCfg = AppStore|iPhoneSimulator
		{6DA7FD96-7E96-4E8B-8028-0DB7B1E06B0F}.AppStore|iPhoneSimulator.Build.0 = AppStore|iPhoneSimulator
		{6DA7FD96-7E96-4E8B-8028-0DB7B1E06B0F}.Debug|Any CPU.ActiveCfg = Debug|iPhone
		{6DA7FD96-7E96-4E8B-8028-0DB7B1E06B0F}.Debug|iPhone.ActiveCfg = Debug|iPhone
		{6DA7FD96-7E96-4E8B-8028-0DB7B1E06B0F}.Debug|iPhone.Build.0 = Debug|iPhone
		{6DA7FD96-7E96-4E8B-8028-0DB7B1E06B0F}.Debug|iPhoneSimulator.ActiveCfg = Debug|iPhoneSimulator
		{6DA7FD96-7E96-4E8B-8028-0DB7B1E06B0F}.Debug|iPhoneSimulator.Build.0 = Debug|iPhoneSimulator
		{6DA7FD96-7E96-4E8B-8028-0DB7B1E06B0F}.Release|Any CPU.ActiveCfg = Release|iPhone
		{6DA7FD96-7E96-4E8B-8028-0DB7B1E06B0F}.Release|iPhone.ActiveCfg = Release|iPhone
		{6DA7FD96-7E96-4E8B-8028-0DB7B1E06B0F}.Release|iPhone.Build.0 = Release|iPhone
		{6DA7FD96-7E96-4E8B-8028-0DB7B1E06B0F}.Release|iPhoneSimulator.ActiveCfg = Release|iPhoneSimulator
		{6DA7FD96-7E96-4E8B-8028-0DB7B1E06B0F}.Release|iPhoneSimulator.Build.0 = Release|iPhoneSimulator
		{00DE8D77-4925-4125-A990-A936970E7920}.Ad-Hoc|Any CPU.ActiveCfg = Release|Any CPU
		{00DE8D77-4925-4125-A990-A936970E7920}.Ad-Hoc|Any CPU.Build.0 = Release|Any CPU
		{00DE8D77-4925-4125-A990-A936970E7920}.Ad-Hoc|Any CPU.Deploy.0 = Release|Any CPU
		{00DE8D77-4925-4125-A990-A936970E7920}.Ad-Hoc|iPhone.ActiveCfg = Release|Any CPU
		{00DE8D77-4925-4125-A990-A936970E7920}.Ad-Hoc|iPhone.Build.0 = Release|Any CPU
		{00DE8D77-4925-4125-A990-A936970E7920}.Ad-Hoc|iPhone.Deploy.0 = Release|Any CPU
		{00DE8D77-4925-4125-A990-A936970E7920}.Ad-Hoc|iPhoneSimulator.ActiveCfg = Release|Any CPU
		{00DE8D77-4925-4125-A990-A936970E7920}.Ad-Hoc|iPhoneSimulator.Build.0 = Release|Any CPU
		{00DE8D77-4925-4125-A990-A936970E7920}.Ad-Hoc|iPhoneSimulator.Deploy.0 = Release|Any CPU
		{00DE8D77-4925-4125-A990-A936970E7920}.AppStore|Any CPU.ActiveCfg = Release|Any CPU
		{00DE8D77-4925-4125-A990-A936970E7920}.AppStore|Any CPU.Build.0 = Release|Any CPU
		{00DE8D77-4925-4125-A990-A936970E7920}.AppStore|Any CPU.Deploy.0 = Release|Any CPU
		{00DE8D77-4925-4125-A990-A936970E7920}.AppStore|iPhone.ActiveCfg = Release|Any CPU
		{00DE8D77-4925-4125-A990-A936970E7920}.AppStore|iPhone.Build.0 = Release|Any CPU
		{00DE8D77-4925-4125-A990-A936970E7920}.AppStore|iPhone.Deploy.0 = Release|Any CPU
		{00DE8D77-4925-4125-A990-A936970E7920}.AppStore|iPhoneSimulator.ActiveCfg = Release|Any CPU
		{00DE8D77-4925-4125-A990-A936970E7920}.AppStore|iPhoneSimulator.Build.0 = Release|Any CPU
		{00DE8D77-4925-4125-A990-A936970E7920}.AppStore|iPhoneSimulator.Deploy.0 = Release|Any CPU
		{00DE8D77-4925-4125-A990-A936970E7920}.Debug|Any CPU.ActiveCfg = Debug|Any CPU
		{00DE8D77-4925-4125-A990-A936970E7920}.Debug|Any CPU.Build.0 = Debug|Any CPU
		{00DE8D77-4925-4125-A990-A936970E7920}.Debug|Any CPU.Deploy.0 = Debug|Any CPU
		{00DE8D77-4925-4125-A990-A936970E7920}.Debug|iPhone.ActiveCfg = Debug|Any CPU
		{00DE8D77-4925-4125-A990-A936970E7920}.Debug|iPhone.Build.0 = Debug|Any CPU
		{00DE8D77-4925-4125-A990-A936970E7920}.Debug|iPhone.Deploy.0 = Debug|Any CPU
		{00DE8D77-4925-4125-A990-A936970E7920}.Debug|iPhoneSimulator.ActiveCfg = Debug|Any CPU
		{00DE8D77-4925-4125-A990-A936970E7920}.Debug|iPhoneSimulator.Build.0 = Debug|Any CPU
		{00DE8D77-4925-4125-A990-A936970E7920}.Debug|iPhoneSimulator.Deploy.0 = Debug|Any CPU
		{00DE8D77-4925-4125-A990-A936970E7920}.Release|Any CPU.ActiveCfg = Release|Any CPU
		{00DE8D77-4925-4125-A990-A936970E7920}.Release|Any CPU.Build.0 = Release|Any CPU
		{00DE8D77-4925-4125-A990-A936970E7920}.Release|Any CPU.Deploy.0 = Release|Any CPU
		{00DE8D77-4925-4125-A990-A936970E7920}.Release|iPhone.ActiveCfg = Release|Any CPU
		{00DE8D77-4925-4125-A990-A936970E7920}.Release|iPhone.Build.0 = Release|Any CPU
		{00DE8D77-4925-4125-A990-A936970E7920}.Release|iPhone.Deploy.0 = Release|Any CPU
		{00DE8D77-4925-4125-A990-A936970E7920}.Release|iPhoneSimulator.ActiveCfg = Release|Any CPU
		{00DE8D77-4925-4125-A990-A936970E7920}.Release|iPhoneSimulator.Build.0 = Release|Any CPU
		{00DE8D77-4925-4125-A990-A936970E7920}.Release|iPhoneSimulator.Deploy.0 = Release|Any CPU
	EndGlobalSection
	GlobalSection(SolutionProperties) = preSolution
		HideSolutionNode = FALSE
	EndGlobalSection
EndGlobal
